
Microsoft Visual Studio Solution File, Format Version 12.00
# Visual Studio Version 16
VisualStudioVersion = 16.0.30804.86
MinimumVisualStudioVersion = 10.0.40219.1
Project("{9A19103F-16F7-4668-BE54-9A1E7A4F7556}") = "Controlium.net", "Controlium.net\Controlium.net.csproj", "{5A88E14D-2269-487B-962A-AA1A597FE7BB}"
EndProject
Project("{2150E333-8FDC-42A3-9474-1A3956D46DE8}") = "Solution Items", "Solution Items", "{E1D68B6D-22EE-4F71-B4C7-840866BFCF4C}"
	ProjectSection(SolutionItems) = preProject
		Settings.StyleCop = Settings.StyleCop
	EndProjectSection
EndProject
Project("{FAE04EC0-301F-11D3-BF4B-00C04F79EFBC}") = "Controlium.UnitTests.net", "Controlium.UnitTests.net\Controlium.UnitTests.net.csproj", "{2E7E8FB2-41C1-4475-8D1A-636AE37EB424}"
EndProject
Global
	GlobalSection(SolutionConfigurationPlatforms) = preSolution
		Debug|Any CPU = Debug|Any CPU
		Release|Any CPU = Release|Any CPU
	EndGlobalSection
	GlobalSection(ProjectConfigurationPlatforms) = postSolution
		{5A88E14D-2269-487B-962A-AA1A597FE7BB}.Debug|Any CPU.ActiveCfg = Debug|Any CPU
		{5A88E14D-2269-487B-962A-AA1A597FE7BB}.Debug|Any CPU.Build.0 = Debug|Any CPU
		{5A88E14D-2269-487B-962A-AA1A597FE7BB}.Release|Any CPU.ActiveCfg = Release|Any CPU
		{5A88E14D-2269-487B-962A-AA1A597FE7BB}.Release|Any CPU.Build.0 = Release|Any CPU
		{2E7E8FB2-41C1-4475-8D1A-636AE37EB424}.Debug|Any CPU.ActiveCfg = Debug|Any CPU
		{2E7E8FB2-41C1-4475-8D1A-636AE37EB424}.Debug|Any CPU.Build.0 = Debug|Any CPU
		{2E7E8FB2-41C1-4475-8D1A-636AE37EB424}.Release|Any CPU.ActiveCfg = Release|Any CPU
		{2E7E8FB2-41C1-4475-8D1A-636AE37EB424}.Release|Any CPU.Build.0 = Release|Any CPU
	EndGlobalSection
	GlobalSection(SolutionProperties) = preSolution
		HideSolutionNode = FALSE
	EndGlobalSection
	GlobalSection(ExtensibilityGlobals) = postSolution
		SolutionGuid = {4F3CF5C6-B00E-48A9-8F4A-EC690572921B}
	EndGlobalSection
EndGlobal
