
Microsoft Visual Studio Solution File, Format Version 12.00
# Visual Studio 14
VisualStudioVersion = 14.0.25420.1
MinimumVisualStudioVersion = 10.0.40219.1
Project("{7CF6DF6D-3B04-46F8-A40B-537D21BCA0B4}") = "TeamControlium.TestFramework.Help", "Help\TeamControlium.TestFramework.Help.shfbproj", "{74FBCE55-7ADF-4C9F-885A-2AF4365F4289}"
EndProject
Project("{2150E333-8FDC-42A3-9474-1A3956D46DE8}") = "Assets", "Assets", "{CAE6415B-5C90-47A6-B79D-DF542A4711AE}"
EndProject
Project("{FAE04EC0-301F-11D3-BF4B-00C04F79EFBC}") = "TeamControlium.TestFramework", "TestFramework\TeamControlium.TestFramework.csproj", "{D701BB49-742F-4068-BD72-7CC968B7673F}"
EndProject
Global
	GlobalSection(SolutionConfigurationPlatforms) = preSolution
		Debug|Any CPU = Debug|Any CPU
		Release|Any CPU = Release|Any CPU
	EndGlobalSection
	GlobalSection(ProjectConfigurationPlatforms) = postSolution
		{74FBCE55-7ADF-4C9F-885A-2AF4365F4289}.Debug|Any CPU.ActiveCfg = Debug|Any CPU
		{74FBCE55-7ADF-4C9F-885A-2AF4365F4289}.Release|Any CPU.ActiveCfg = Release|Any CPU
		{74FBCE55-7ADF-4C9F-885A-2AF4365F4289}.Release|Any CPU.Build.0 = Release|Any CPU
		{D701BB49-742F-4068-BD72-7CC968B7673F}.Debug|Any CPU.ActiveCfg = Debug|Any CPU
		{D701BB49-742F-4068-BD72-7CC968B7673F}.Debug|Any CPU.Build.0 = Debug|Any CPU
		{D701BB49-742F-4068-BD72-7CC968B7673F}.Release|Any CPU.ActiveCfg = Release|Any CPU
		{D701BB49-742F-4068-BD72-7CC968B7673F}.Release|Any CPU.Build.0 = Release|Any CPU
	EndGlobalSection
	GlobalSection(SolutionProperties) = preSolution
		HideSolutionNode = FALSE
	EndGlobalSection
EndGlobal
